// !$*UTF8*$!
{
	archiveVersion = 1;
	classes = {
	};
	objectVersion = 46;
	objects = {

/* Begin PBXBuildFile section */
		CF9D779C1D262BAF00554FF7 /* AppDelegate.swift in Sources */ = {isa = PBXBuildFile; fileRef = CF9D779B1D262BAF00554FF7 /* AppDelegate.swift */; };
		CF9D77A11D262BAF00554FF7 /* Main.storyboard in Resources */ = {isa = PBXBuildFile; fileRef = CF9D779F1D262BAF00554FF7 /* Main.storyboard */; };
		CF9D77A31D262BAF00554FF7 /* Assets.xcassets in Resources */ = {isa = PBXBuildFile; fileRef = CF9D77A21D262BAF00554FF7 /* Assets.xcassets */; };
		CF9D77A61D262BAF00554FF7 /* LaunchScreen.storyboard in Resources */ = {isa = PBXBuildFile; fileRef = CF9D77A41D262BAF00554FF7 /* LaunchScreen.storyboard */; };
		CF9D77B11D262BAF00554FF7 /* HappinessTests.swift in Sources */ = {isa = PBXBuildFile; fileRef = CF9D77B01D262BAF00554FF7 /* HappinessTests.swift */; };
		CF9D77BC1D262BAF00554FF7 /* HappinessUITests.swift in Sources */ = {isa = PBXBuildFile; fileRef = CF9D77BB1D262BAF00554FF7 /* HappinessUITests.swift */; };
		CF9D77CC1D262C7400554FF7 /* HapinessViewController.swift in Sources */ = {isa = PBXBuildFile; fileRef = CF9D77CB1D262C7400554FF7 /* HapinessViewController.swift */; };
		CF9D77CE1D262E6000554FF7 /* FaceView.swift in Sources */ = {isa = PBXBuildFile; fileRef = CF9D77CD1D262E6000554FF7 /* FaceView.swift */; };
/* End PBXBuildFile section */

/* Begin PBXContainerItemProxy section */
		CF9D77AD1D262BAF00554FF7 /* PBXContainerItemProxy */ = {
			isa = PBXContainerItemProxy;
			containerPortal = CF9D77901D262BAF00554FF7 /* Project object */;
			proxyType = 1;
			remoteGlobalIDString = CF9D77971D262BAF00554FF7;
			remoteInfo = Happiness;
		};
		CF9D77B81D262BAF00554FF7 /* PBXContainerItemProxy */ = {
			isa = PBXContainerItemProxy;
			containerPortal = CF9D77901D262BAF00554FF7 /* Project object */;
			proxyType = 1;
			remoteGlobalIDString = CF9D77971D262BAF00554FF7;
			remoteInfo = Happiness;
		};
/* End PBXContainerItemProxy section */

/* Begin PBXFileReference section */
		CF9D77981D262BAF00554FF7 /* Happiness.app */ = {isa = PBXFileReference; explicitFileType = wrapper.application; includeInIndex = 0; path = Happiness.app; sourceTree = BUILT_PRODUCTS_DIR; };
		CF9D779B1D262BAF00554FF7 /* AppDelegate.swift */ = {isa = PBXFileReference; lastKnownFileType = sourcecode.swift; path = AppDelegate.swift; sourceTree = "<group>"; };
		CF9D77A01D262BAF00554FF7 /* Base */ = {isa = PBXFileReference; lastKnownFileType = file.storyboard; name = Base; path = Base.lproj/Main.storyboard; sourceTree = "<group>"; };
		CF9D77A21D262BAF00554FF7 /* Assets.xcassets */ = {isa = PBXFileReference; lastKnownFileType = folder.assetcatalog; path = Assets.xcassets; sourceTree = "<group>"; };
		CF9D77A51D262BAF00554FF7 /* Base */ = {isa = PBXFileReference; lastKnownFileType = file.storyboard; name = Base; path = Base.lproj/LaunchScreen.storyboard; sourceTree = "<group>"; };
		CF9D77A71D262BAF00554FF7 /* Info.plist */ = {isa = PBXFileReference; lastKnownFileType = text.plist.xml; path = Info.plist; sourceTree = "<group>"; };
		CF9D77AC1D262BAF00554FF7 /* HappinessTests.xctest */ = {isa = PBXFileReference; explicitFileType = wrapper.cfbundle; includeInIndex = 0; path = HappinessTests.xctest; sourceTree = BUILT_PRODUCTS_DIR; };
		CF9D77B01D262BAF00554FF7 /* HappinessTests.swift */ = {isa = PBXFileReference; lastKnownFileType = sourcecode.swift; path = HappinessTests.swift; sourceTree = "<group>"; };
		CF9D77B21D262BAF00554FF7 /* Info.plist */ = {isa = PBXFileReference; lastKnownFileType = text.plist.xml; path = Info.plist; sourceTree = "<group>"; };
		CF9D77B71D262BAF00554FF7 /* HappinessUITests.xctest */ = {isa = PBXFileReference; explicitFileType = wrapper.cfbundle; includeInIndex = 0; path = HappinessUITests.xctest; sourceTree = BUILT_PRODUCTS_DIR; };
		CF9D77BB1D262BAF00554FF7 /* HappinessUITests.swift */ = {isa = PBXFileReference; lastKnownFileType = sourcecode.swift; path = HappinessUITests.swift; sourceTree = "<group>"; };
		CF9D77BD1D262BAF00554FF7 /* Info.plist */ = {isa = PBXFileReference; lastKnownFileType = text.plist.xml; path = Info.plist; sourceTree = "<group>"; };
		CF9D77CB1D262C7400554FF7 /* HapinessViewController.swift */ = {isa = PBXFileReference; fileEncoding = 4; lastKnownFileType = sourcecode.swift; path = HapinessViewController.swift; sourceTree = "<group>"; };
		CF9D77CD1D262E6000554FF7 /* FaceView.swift */ = {isa = PBXFileReference; fileEncoding = 4; lastKnownFileType = sourcecode.swift; path = FaceView.swift; sourceTree = "<group>"; };
/* End PBXFileReference section */

/* Begin PBXFrameworksBuildPhase section */
		CF9D77951D262BAF00554FF7 /* Frameworks */ = {
			isa = PBXFrameworksBuildPhase;
			buildActionMask = 2147483647;
			files = (
			);
			runOnlyForDeploymentPostprocessing = 0;
		};
		CF9D77A91D262BAF00554FF7 /* Frameworks */ = {
			isa = PBXFrameworksBuildPhase;
			buildActionMask = 2147483647;
			files = (
			);
			runOnlyForDeploymentPostprocessing = 0;
		};
		CF9D77B41D262BAF00554FF7 /* Frameworks */ = {
			isa = PBXFrameworksBuildPhase;
			buildActionMask = 2147483647;
			files = (
			);
			runOnlyForDeploymentPostprocessing = 0;
		};
/* End PBXFrameworksBuildPhase section */

/* Begin PBXGroup section */
		CF9D778F1D262BAF00554FF7 = {
			isa = PBXGroup;
			children = (
				CF9D779A1D262BAF00554FF7 /* Happiness */,
				CF9D77AF1D262BAF00554FF7 /* HappinessTests */,
				CF9D77BA1D262BAF00554FF7 /* HappinessUITests */,
				CF9D77991D262BAF00554FF7 /* Products */,
			);
			sourceTree = "<group>";
		};
		CF9D77991D262BAF00554FF7 /* Products */ = {
			isa = PBXGroup;
			children = (
				CF9D77981D262BAF00554FF7 /* Happiness.app */,
				CF9D77AC1D262BAF00554FF7 /* HappinessTests.xctest */,
				CF9D77B71D262BAF00554FF7 /* HappinessUITests.xctest */,
			);
			name = Products;
			sourceTree = "<group>";
		};
		CF9D779A1D262BAF00554FF7 /* Happiness */ = {
			isa = PBXGroup;
			children = (
				CF9D779B1D262BAF00554FF7 /* AppDelegate.swift */,
				CF9D779F1D262BAF00554FF7 /* Main.storyboard */,
				CF9D77CD1D262E6000554FF7 /* FaceView.swift */,
				CF9D77A21D262BAF00554FF7 /* Assets.xcassets */,
				CF9D77A41D262BAF00554FF7 /* LaunchScreen.storyboard */,
				CF9D77A71D262BAF00554FF7 /* Info.plist */,
				CF9D77CB1D262C7400554FF7 /* HapinessViewController.swift */,
			);
			path = Happiness;
			sourceTree = "<group>";
		};
		CF9D77AF1D262BAF00554FF7 /* HappinessTests */ = {
			isa = PBXGroup;
			children = (
				CF9D77B01D262BAF00554FF7 /* HappinessTests.swift */,
				CF9D77B21D262BAF00554FF7 /* Info.plist */,
			);
			path = HappinessTests;
			sourceTree = "<group>";
		};
		CF9D77BA1D262BAF00554FF7 /* HappinessUITests */ = {
			isa = PBXGroup;
			children = (
				CF9D77BB1D262BAF00554FF7 /* HappinessUITests.swift */,
				CF9D77BD1D262BAF00554FF7 /* Info.plist */,
			);
			path = HappinessUITests;
			sourceTree = "<group>";
		};
/* End PBXGroup section */

/* Begin PBXNativeTarget section */
		CF9D77971D262BAF00554FF7 /* Happiness */ = {
			isa = PBXNativeTarget;
			buildConfigurationList = CF9D77C01D262BAF00554FF7 /* Build configuration list for PBXNativeTarget "Happiness" */;
			buildPhases = (
				CF9D77941D262BAF00554FF7 /* Sources */,
				CF9D77951D262BAF00554FF7 /* Frameworks */,
				CF9D77961D262BAF00554FF7 /* Resources */,
			);
			buildRules = (
			);
			dependencies = (
			);
			name = Happiness;
			productName = Happiness;
			productReference = CF9D77981D262BAF00554FF7 /* Happiness.app */;
			productType = "com.apple.product-type.application";
		};
		CF9D77AB1D262BAF00554FF7 /* HappinessTests */ = {
			isa = PBXNativeTarget;
			buildConfigurationList = CF9D77C31D262BAF00554FF7 /* Build configuration list for PBXNativeTarget "HappinessTests" */;
			buildPhases = (
				CF9D77A81D262BAF00554FF7 /* Sources */,
				CF9D77A91D262BAF00554FF7 /* Frameworks */,
				CF9D77AA1D262BAF00554FF7 /* Resources */,
			);
			buildRules = (
			);
			dependencies = (
				CF9D77AE1D262BAF00554FF7 /* PBXTargetDependency */,
			);
			name = HappinessTests;
			productName = HappinessTests;
			productReference = CF9D77AC1D262BAF00554FF7 /* HappinessTests.xctest */;
			productType = "com.apple.product-type.bundle.unit-test";
		};
		CF9D77B61D262BAF00554FF7 /* HappinessUITests */ = {
			isa = PBXNativeTarget;
			buildConfigurationList = CF9D77C61D262BAF00554FF7 /* Build configuration list for PBXNativeTarget "HappinessUITests" */;
			buildPhases = (
				CF9D77B31D262BAF00554FF7 /* Sources */,
				CF9D77B41D262BAF00554FF7 /* Frameworks */,
				CF9D77B51D262BAF00554FF7 /* Resources */,
			);
			buildRules = (
			);
			dependencies = (
				CF9D77B91D262BAF00554FF7 /* PBXTargetDependency */,
			);
			name = HappinessUITests;
			productName = HappinessUITests;
			productReference = CF9D77B71D262BAF00554FF7 /* HappinessUITests.xctest */;
			productType = "com.apple.product-type.bundle.ui-testing";
		};
/* End PBXNativeTarget section */

/* Begin PBXProject section */
		CF9D77901D262BAF00554FF7 /* Project object */ = {
			isa = PBXProject;
			attributes = {
				LastSwiftUpdateCheck = 0730;
				LastUpgradeCheck = 0730;
				ORGANIZATIONNAME = "Helen Lau";
				TargetAttributes = {
					CF9D77971D262BAF00554FF7 = {
						CreatedOnToolsVersion = 7.3.1;
					};
					CF9D77AB1D262BAF00554FF7 = {
						CreatedOnToolsVersion = 7.3.1;
						TestTargetID = CF9D77971D262BAF00554FF7;
					};
					CF9D77B61D262BAF00554FF7 = {
						CreatedOnToolsVersion = 7.3.1;
						TestTargetID = CF9D77971D262BAF00554FF7;
					};
				};
			};
			buildConfigurationList = CF9D77931D262BAF00554FF7 /* Build configuration list for PBXProject "Happiness" */;
			compatibilityVersion = "Xcode 3.2";
			developmentRegion = English;
			hasScannedForEncodings = 0;
			knownRegions = (
				en,
				Base,
			);
			mainGroup = CF9D778F1D262BAF00554FF7;
			productRefGroup = CF9D77991D262BAF00554FF7 /* Products */;
			projectDirPath = "";
			projectRoot = "";
			targets = (
				CF9D77971D262BAF00554FF7 /* Happiness */,
				CF9D77AB1D262BAF00554FF7 /* HappinessTests */,
				CF9D77B61D262BAF00554FF7 /* HappinessUITests */,
			);
		};
/* End PBXProject section */

/* Begin PBXResourcesBuildPhase section */
		CF9D77961D262BAF00554FF7 /* Resources */ = {
			isa = PBXResourcesBuildPhase;
			buildActionMask = 2147483647;
			files = (
				CF9D77A61D262BAF00554FF7 /* LaunchScreen.storyboard in Resources */,
				CF9D77A31D262BAF00554FF7 /* Assets.xcassets in Resources */,
				CF9D77A11D262BAF00554FF7 /* Main.storyboard in Resources */,
			);
			runOnlyForDeploymentPostprocessing = 0;
		};
		CF9D77AA1D262BAF00554FF7 /* Resources */ = {
			isa = PBXResourcesBuildPhase;
			buildActionMask = 2147483647;
			files = (
			);
			runOnlyForDeploymentPostprocessing = 0;
		};
		CF9D77B51D262BAF00554FF7 /* Resources */ = {
			isa = PBXResourcesBuildPhase;
			buildActionMask = 2147483647;
			files = (
			);
			runOnlyForDeploymentPostprocessing = 0;
		};
/* End PBXResourcesBuildPhase section */

/* Begin PBXSourcesBuildPhase section */
		CF9D77941D262BAF00554FF7 /* Sources */ = {
			isa = PBXSourcesBuildPhase;
			buildActionMask = 2147483647;
			files = (
				CF9D779C1D262BAF00554FF7 /* AppDelegate.swift in Sources */,
				CF9D77CC1D262C7400554FF7 /* HapinessViewController.swift in Sources */,
				CF9D77CE1D262E6000554FF7 /* FaceView.swift in Sources */,
			);
			runOnlyForDeploymentPostprocessing = 0;
		};
		CF9D77A81D262BAF00554FF7 /* Sources */ = {
			isa = PBXSourcesBuildPhase;
			buildActionMask = 2147483647;
			files = (
				CF9D77B11D262BAF00554FF7 /* HappinessTests.swift in Sources */,
			);
			runOnlyForDeploymentPostprocessing = 0;
		};
		CF9D77B31D262BAF00554FF7 /* Sources */ = {
			isa = PBXSourcesBuildPhase;
			buildActionMask = 2147483647;
			files = (
				CF9D77BC1D262BAF00554FF7 /* HappinessUITests.swift in Sources */,
			);
			runOnlyForDeploymentPostprocessing = 0;
		};
/* End PBXSourcesBuildPhase section */

/* Begin PBXTargetDependency section */
		CF9D77AE1D262BAF00554FF7 /* PBXTargetDependency */ = {
			isa = PBXTargetDependency;
			target = CF9D77971D262BAF00554FF7 /* Happiness */;
			targetProxy = CF9D77AD1D262BAF00554FF7 /* PBXContainerItemProxy */;
		};
		CF9D77B91D262BAF00554FF7 /* PBXTargetDependency */ = {
			isa = PBXTargetDependency;
			target = CF9D77971D262BAF00554FF7 /* Happiness */;
			targetProxy = CF9D77B81D262BAF00554FF7 /* PBXContainerItemProxy */;
		};
/* End PBXTargetDependency section */

/* Begin PBXVariantGroup section */
		CF9D779F1D262BAF00554FF7 /* Main.storyboard */ = {
			isa = PBXVariantGroup;
			children = (
				CF9D77A01D262BAF00554FF7 /* Base */,
			);
			name = Main.storyboard;
			sourceTree = "<group>";
		};
		CF9D77A41D262BAF00554FF7 /* LaunchScreen.storyboard */ = {
			isa = PBXVariantGroup;
			children = (
				CF9D77A51D262BAF00554FF7 /* Base */,
			);
			name = LaunchScreen.storyboard;
			sourceTree = "<group>";
		};
/* End PBXVariantGroup section */

/* Begin XCBuildConfiguration section */
		CF9D77BE1D262BAF00554FF7 /* Debug */ = {
			isa = XCBuildConfiguration;
			buildSettings = {
				ALWAYS_SEARCH_USER_PATHS = NO;
				CLANG_ANALYZER_NONNULL = YES;
				CLANG_CXX_LANGUAGE_STANDARD = "gnu++0x";
				CLANG_CXX_LIBRARY = "libc++";
				CLANG_ENABLE_MODULES = YES;
				CLANG_ENABLE_OBJC_ARC = YES;
				CLANG_WARN_BOOL_CONVERSION = YES;
				CLANG_WARN_CONSTANT_CONVERSION = YES;
				CLANG_WARN_DIRECT_OBJC_ISA_USAGE = YES_ERROR;
				CLANG_WARN_EMPTY_BODY = YES;
				CLANG_WARN_ENUM_CONVERSION = YES;
				CLANG_WARN_INT_CONVERSION = YES;
				CLANG_WARN_OBJC_ROOT_CLASS = YES_ERROR;
				CLANG_WARN_UNREACHABLE_CODE = YES;
				CLANG_WARN__DUPLICATE_METHOD_MATCH = YES;
				"CODE_SIGN_IDENTITY[sdk=iphoneos*]" = "iPhone Developer";
				COPY_PHASE_STRIP = NO;
				DEBUG_INFORMATION_FORMAT = dwarf;
				ENABLE_STRICT_OBJC_MSGSEND = YES;
				ENABLE_TESTABILITY = YES;
				GCC_C_LANGUAGE_STANDARD = gnu99;
				GCC_DYNAMIC_NO_PIC = NO;
				GCC_NO_COMMON_BLOCKS = YES;
				GCC_OPTIMIZATION_LEVEL = 0;
				GCC_PREPROCESSOR_DEFINITIONS = (
					"DEBUG=1",
					"$(inherited)",
				);
				GCC_WARN_64_TO_32_BIT_CONVERSION = YES;
				GCC_WARN_ABOUT_RETURN_TYPE = YES_ERROR;
				GCC_WARN_UNDECLARED_SELECTOR = YES;
				GCC_WARN_UNINITIALIZED_AUTOS = YES_AGGRESSIVE;
				GCC_WARN_UNUSED_FUNCTION = YES;
				GCC_WARN_UNUSED_VARIABLE = YES;
				IPHONEOS_DEPLOYMENT_TARGET = 9.3;
				MTL_ENABLE_DEBUG_INFO = YES;
				ONLY_ACTIVE_ARCH = YES;
				SDKROOT = iphoneos;
				SWIFT_OPTIMIZATION_LEVEL = "-Onone";
				TARGETED_DEVICE_FAMILY = "1,2";
			};
			name = Debug;
		};
		CF9D77BF1D262BAF00554FF7 /* Release */ = {
			isa = XCBuildConfiguration;
			buildSettings = {
				ALWAYS_SEARCH_USER_PATHS = NO;
				CLANG_ANALYZER_NONNULL = YES;
				CLANG_CXX_LANGUAGE_STANDARD = "gnu++0x";
				CLANG_CXX_LIBRARY = "libc++";
				CLANG_ENABLE_MODULES = YES;
				CLANG_ENABLE_OBJC_ARC = YES;
				CLANG_WARN_BOOL_CONVERSION = YES;
				CLANG_WARN_CONSTANT_CONVERSION = YES;
				CLANG_WARN_DIRECT_OBJC_ISA_USAGE = YES_ERROR;
				CLANG_WARN_EMPTY_BODY = YES;
				CLANG_WARN_ENUM_CONVERSION = YES;
				CLANG_WARN_INT_CONVERSION = YES;
				CLANG_WARN_OBJC_ROOT_CLASS = YES_ERROR;
				CLANG_WARN_UNREACHABLE_CODE = YES;
				CLANG_WARN__DUPLICATE_METHOD_MATCH = YES;
				"CODE_SIGN_IDENTITY[sdk=iphoneos*]" = "iPhone Developer";
				COPY_PHASE_STRIP = NO;
				DEBUG_INFORMATION_FORMAT = "dwarf-with-dsym";
				ENABLE_NS_ASSERTIONS = NO;
				ENABLE_STRICT_OBJC_MSGSEND = YES;
				GCC_C_LANGUAGE_STANDARD = gnu99;
				GCC_NO_COMMON_BLOCKS = YES;
				GCC_WARN_64_TO_32_BIT_CONVERSION = YES;
				GCC_WARN_ABOUT_RETURN_TYPE = YES_ERROR;
				GCC_WARN_UNDECLARED_SELECTOR = YES;
				GCC_WARN_UNINITIALIZED_AUTOS = YES_AGGRESSIVE;
				GCC_WARN_UNUSED_FUNCTION = YES;
				GCC_WARN_UNUSED_VARIABLE = YES;
				IPHONEOS_DEPLOYMENT_TARGET = 9.3;
				MTL_ENABLE_DEBUG_INFO = NO;
				SDKROOT = iphoneos;
				TARGETED_DEVICE_FAMILY = "1,2";
				VALIDATE_PRODUCT = YES;
			};
			name = Release;
		};
		CF9D77C11D262BAF00554FF7 /* Debug */ = {
			isa = XCBuildConfiguration;
			buildSettings = {
				ASSETCATALOG_COMPILER_APPICON_NAME = AppIcon;
				INFOPLIST_FILE = Happiness/Info.plist;
				LD_RUNPATH_SEARCH_PATHS = "$(inherited) @executable_path/Frameworks";
				PRODUCT_BUNDLE_IDENTIFIER = com.helensolau.Happiness;
				PRODUCT_NAME = "$(TARGET_NAME)";
			};
			name = Debug;
		};
		CF9D77C21D262BAF00554FF7 /* Release */ = {
			isa = XCBuildConfiguration;
			buildSettings = {
				ASSETCATALOG_COMPILER_APPICON_NAME = AppIcon;
				INFOPLIST_FILE = Happiness/Info.plist;
				LD_RUNPATH_SEARCH_PATHS = "$(inherited) @executable_path/Frameworks";
				PRODUCT_BUNDLE_IDENTIFIER = com.helensolau.Happiness;
				PRODUCT_NAME = "$(TARGET_NAME)";
			};
			name = Release;
		};
		CF9D77C41D262BAF00554FF7 /* Debug */ = {
			isa = XCBuildConfiguration;
			buildSettings = {
				BUNDLE_LOADER = "$(TEST_HOST)";
				INFOPLIST_FILE = HappinessTests/Info.plist;
				LD_RUNPATH_SEARCH_PATHS = "$(inherited) @executable_path/Frameworks @loader_path/Frameworks";
				PRODUCT_BUNDLE_IDENTIFIER = com.helensolau.HappinessTests;
				PRODUCT_NAME = "$(TARGET_NAME)";
				TEST_HOST = "$(BUILT_PRODUCTS_DIR)/Happiness.app/Happiness";
			};
			name = Debug;
		};
		CF9D77C51D262BAF00554FF7 /* Release */ = {
			isa = XCBuildConfiguration;
			buildSettings = {
				BUNDLE_LOADER = "$(TEST_HOST)";
				INFOPLIST_FILE = HappinessTests/Info.plist;
				LD_RUNPATH_SEARCH_PATHS = "$(inherited) @executable_path/Frameworks @loader_path/Frameworks";
				PRODUCT_BUNDLE_IDENTIFIER = com.helensolau.HappinessTests;
				PRODUCT_NAME = "$(TARGET_NAME)";
				TEST_HOST = "$(BUILT_PRODUCTS_DIR)/Happiness.app/Happiness";
			};
			name = Release;
		};
		CF9D77C71D262BAF00554FF7 /* Debug */ = {
			isa = XCBuildConfiguration;
			buildSettings = {
				INFOPLIST_FILE = HappinessUITests/Info.plist;
				LD_RUNPATH_SEARCH_PATHS = "$(inherited) @executable_path/Frameworks @loader_path/Frameworks";
				PRODUCT_BUNDLE_IDENTIFIER = com.helensolau.HappinessUITests;
				PRODUCT_NAME = "$(TARGET_NAME)";
				TEST_TARGET_NAME = Happiness;
			};
			name = Debug;
		};
		CF9D77C81D262BAF00554FF7 /* Release */ = {
			isa = XCBuildConfiguration;
			buildSettings = {
				INFOPLIST_FILE = HappinessUITests/Info.plist;
				LD_RUNPATH_SEARCH_PATHS = "$(inherited) @executable_path/Frameworks @loader_path/Frameworks";
				PRODUCT_BUNDLE_IDENTIFIER = com.helensolau.HappinessUITests;
				PRODUCT_NAME = "$(TARGET_NAME)";
				TEST_TARGET_NAME = Happiness;
			};
			name = Release;
		};
/* End XCBuildConfiguration section */

/* Begin XCConfigurationList section */
		CF9D77931D262BAF00554FF7 /* Build configuration list for PBXProject "Happiness" */ = {
			isa = XCConfigurationList;
			buildConfigurations = (
				CF9D77BE1D262BAF00554FF7 /* Debug */,
				CF9D77BF1D262BAF00554FF7 /* Release */,
			);
			defaultConfigurationIsVisible = 0;
			defaultConfigurationName = Release;
		};
		CF9D77C01D262BAF00554FF7 /* Build configuration list for PBXNativeTarget "Happiness" */ = {
			isa = XCConfigurationList;
			buildConfigurations = (
				CF9D77C11D262BAF00554FF7 /* Debug */,
				CF9D77C21D262BAF00554FF7 /* Release */,
			);
			defaultConfigurationIsVisible = 0;
		};
		CF9D77C31D262BAF00554FF7 /* Build configuration list for PBXNativeTarget "HappinessTests" */ = {
			isa = XCConfigurationList;
			buildConfigurations = (
				CF9D77C41D262BAF00554FF7 /* Debug */,
				CF9D77C51D262BAF00554FF7 /* Release */,
			);
			defaultConfigurationIsVisible = 0;
		};
		CF9D77C61D262BAF00554FF7 /* Build configuration list for PBXNativeTarget "HappinessUITests" */ = {
			isa = XCConfigurationList;
			buildConfigurations = (
				CF9D77C71D262BAF00554FF7 /* Debug */,
				CF9D77C81D262BAF00554FF7 /* Release */,
			);
			defaultConfigurationIsVisible = 0;
		};
/* End XCConfigurationList section */
	};
	rootObject = CF9D77901D262BAF00554FF7 /* Project object */;
}
